PODS:
  - CaptchaFace (0.9):
    - OpenCV (~> 2.4)
  - OpenCV (2.4.9.1)

DEPENDENCIES:
  - CaptchaFace (from `../`)

EXTERNAL SOURCES:
  CaptchaFace:
    :path: ../

SPEC CHECKSUMS:
  CaptchaFace: 79d84a322a9f6df36487ec7fde213463a9902cb5
  OpenCV: 4190ad68e79e1b9ae7ac53d749e96e8c05041e45

COCOAPODS: 0.35.0
