PODS:
  - CaptchaFace (1.0.4):
    - OpenCV (~> 2.4.9.1)
  - OpenCV (2.4.9.1)

DEPENDENCIES:
  - CaptchaFace (from `../`)

EXTERNAL SOURCES:
  CaptchaFace:
    :path: ../

SPEC CHECKSUMS:
  CaptchaFace: 4f2e7f4fa14419497b95b5c56b5b4557eed11144
  OpenCV: 4190ad68e79e1b9ae7ac53d749e96e8c05041e45

COCOAPODS: 0.35.0
